
Microsoft Visual Studio Solution File, Format Version 12.00
# Visual Studio 15
VisualStudioVersion = 15.0.28307.960
MinimumVisualStudioVersion = 10.0.40219.1
Project("{FAE04EC0-301F-11D3-BF4B-00C04F79EFBC}") = "ColorPicker", "ColorPicker\ColorPicker.csproj", "{C9414B00-F214-4CA4-9A87-42DB0587B19F}"
EndProject
Global
	GlobalSection(SolutionConfigurationPlatforms) = preSolution
		Debug|Any CPU = Debug|Any CPU
		Release|Any CPU = Release|Any CPU
	EndGlobalSection
	GlobalSection(ProjectConfigurationPlatforms) = postSolution
		{C9414B00-F214-4CA4-9A87-42DB0587B19F}.Debug|Any CPU.ActiveCfg = Debug|Any CPU
		{C9414B00-F214-4CA4-9A87-42DB0587B19F}.Debug|Any CPU.Build.0 = Debug|Any CPU
		{C9414B00-F214-4CA4-9A87-42DB0587B19F}.Release|Any CPU.ActiveCfg = Release|Any CPU
		{C9414B00-F214-4CA4-9A87-42DB0587B19F}.Release|Any CPU.Build.0 = Release|Any CPU
	EndGlobalSection
	GlobalSection(SolutionProperties) = preSolution
		HideSolutionNode = FALSE
	EndGlobalSection
	GlobalSection(ExtensibilityGlobals) = postSolution
		SolutionGuid = {A3C0F7F4-B3ED-4078-B684-B437BA9209C2}
	EndGlobalSection
EndGlobal
